
Microsoft Visual Studio Solution File, Format Version 12.00
# Visual Studio Version 17
VisualStudioVersion = 17.1.32210.238
MinimumVisualStudioVersion = 10.0.40219.1
Project("{FAE04EC0-301F-11D3-BF4B-00C04F79EFBC}") = "SPAWithAngular", "SPAWithAngular\SPAWithAngular.csproj", "{81D08D74-1C1C-45D7-84B9-5ADA3526F994}"
EndProject
Global
	GlobalSection(SolutionConfigurationPlatforms) = preSolution
		Debug|Any CPU = Debug|Any CPU
		Release|Any CPU = Release|Any CPU
	EndGlobalSection
	GlobalSection(ProjectConfigurationPlatforms) = postSolution
		{81D08D74-1C1C-45D7-84B9-5ADA3526F994}.Debug|Any CPU.ActiveCfg = Debug|Any CPU
		{81D08D74-1C1C-45D7-84B9-5ADA3526F994}.Debug|Any CPU.Build.0 = Debug|Any CPU
		{81D08D74-1C1C-45D7-84B9-5ADA3526F994}.Release|Any CPU.ActiveCfg = Release|Any CPU
		{81D08D74-1C1C-45D7-84B9-5ADA3526F994}.Release|Any CPU.Build.0 = Release|Any CPU
	EndGlobalSection
	GlobalSection(SolutionProperties) = preSolution
		HideSolutionNode = FALSE
	EndGlobalSection
	GlobalSection(ExtensibilityGlobals) = postSolution
		SolutionGuid = {4AA5F774-39A5-49DE-96F6-E8E5048949F9}
	EndGlobalSection
EndGlobal
